
Microsoft Visual Studio Solution File, Format Version 12.00
# Visual Studio Version 16
VisualStudioVersion = 16.0.30002.166
MinimumVisualStudioVersion = 10.0.40219.1
Project("{9A19103F-16F7-4668-BE54-9A1E7A4F7556}") = "Bloop", "Bloop\Bloop.csproj", "{25E1EDB9-73EA-49A7-8178-27633CC8A498}"
EndProject
Project("{9A19103F-16F7-4668-BE54-9A1E7A4F7556}") = "Bloop.Demonstration", "Bloop.Demonstration\Bloop.Demonstration.csproj", "{9F53E78F-96F2-49E2-9E34-F8FCE673A77B}"
EndProject
Project("{9A19103F-16F7-4668-BE54-9A1E7A4F7556}") = "Bloop.Tests", "Bloop.Tests\Bloop.Tests.csproj", "{CBE4A33D-1632-4489-9808-F9D81FF91839}"
EndProject
Project("{FAE04EC0-301F-11D3-BF4B-00C04F79EFBC}") = "Bloop.Tests.Performance", "Bloop.Tests.Performance\Bloop.Tests.Performance.csproj", "{2FAF5B24-D0F9-4306-AF0E-84F1678BEBFA}"
EndProject
Project("{FAE04EC0-301F-11D3-BF4B-00C04F79EFBC}") = "Bloop.Blazor", "Bloop.Blazor\Bloop.Blazor.csproj", "{8D784AA4-BE29-4254-8DE3-B5CDE6C40A6F}"
EndProject
Global
	GlobalSection(SolutionConfigurationPlatforms) = preSolution
		Debug|Any CPU = Debug|Any CPU
		Release|Any CPU = Release|Any CPU
	EndGlobalSection
	GlobalSection(ProjectConfigurationPlatforms) = postSolution
		{25E1EDB9-73EA-49A7-8178-27633CC8A498}.Debug|Any CPU.ActiveCfg = Debug|Any CPU
		{25E1EDB9-73EA-49A7-8178-27633CC8A498}.Debug|Any CPU.Build.0 = Debug|Any CPU
		{25E1EDB9-73EA-49A7-8178-27633CC8A498}.Release|Any CPU.ActiveCfg = Release|Any CPU
		{25E1EDB9-73EA-49A7-8178-27633CC8A498}.Release|Any CPU.Build.0 = Release|Any CPU
		{9F53E78F-96F2-49E2-9E34-F8FCE673A77B}.Debug|Any CPU.ActiveCfg = Debug|Any CPU
		{9F53E78F-96F2-49E2-9E34-F8FCE673A77B}.Debug|Any CPU.Build.0 = Debug|Any CPU
		{9F53E78F-96F2-49E2-9E34-F8FCE673A77B}.Release|Any CPU.ActiveCfg = Release|Any CPU
		{9F53E78F-96F2-49E2-9E34-F8FCE673A77B}.Release|Any CPU.Build.0 = Release|Any CPU
		{CBE4A33D-1632-4489-9808-F9D81FF91839}.Debug|Any CPU.ActiveCfg = Debug|Any CPU
		{CBE4A33D-1632-4489-9808-F9D81FF91839}.Debug|Any CPU.Build.0 = Debug|Any CPU
		{CBE4A33D-1632-4489-9808-F9D81FF91839}.Release|Any CPU.ActiveCfg = Release|Any CPU
		{CBE4A33D-1632-4489-9808-F9D81FF91839}.Release|Any CPU.Build.0 = Release|Any CPU
		{2FAF5B24-D0F9-4306-AF0E-84F1678BEBFA}.Debug|Any CPU.ActiveCfg = Debug|Any CPU
		{2FAF5B24-D0F9-4306-AF0E-84F1678BEBFA}.Debug|Any CPU.Build.0 = Debug|Any CPU
		{2FAF5B24-D0F9-4306-AF0E-84F1678BEBFA}.Release|Any CPU.ActiveCfg = Release|Any CPU
		{2FAF5B24-D0F9-4306-AF0E-84F1678BEBFA}.Release|Any CPU.Build.0 = Release|Any CPU
		{8D784AA4-BE29-4254-8DE3-B5CDE6C40A6F}.Debug|Any CPU.ActiveCfg = Debug|Any CPU
		{8D784AA4-BE29-4254-8DE3-B5CDE6C40A6F}.Debug|Any CPU.Build.0 = Debug|Any CPU
		{8D784AA4-BE29-4254-8DE3-B5CDE6C40A6F}.Release|Any CPU.ActiveCfg = Release|Any CPU
		{8D784AA4-BE29-4254-8DE3-B5CDE6C40A6F}.Release|Any CPU.Build.0 = Release|Any CPU
	EndGlobalSection
	GlobalSection(SolutionProperties) = preSolution
		HideSolutionNode = FALSE
	EndGlobalSection
	GlobalSection(ExtensibilityGlobals) = postSolution
		SolutionGuid = {C53AE0D8-53CF-4F64-AEBF-6CC8F2E13EE3}
	EndGlobalSection
EndGlobal
